# @generated - this file is auto-generated by `mise lock` https://mise.en.dev/dev-tools/mise-lock.html

[[tools.communique]]
version = "1.1.3"
backend = "github:jdx/communique"

[tools.communique."platforms.linux-arm64"]
checksum = "sha256:ed4cfaf449d75f12734be4b5508104fe4bc224e1694052c31dc78b025408a918"
url = "https://github.com/jdx/communique/releases/download/v1.1.3/communique-aarch64-unknown-linux-gnu.tar.gz"
url_api = "https://api.github.com/repos/jdx/communique/releases/assets/413754362"

[tools.communique."platforms.linux-arm64-musl"]
checksum = "sha256:ece7d0bf5946b86bdead1e7fbc6dd40a41585c1c950f3b637489cb783662bf9f"
url = "https://github.com/jdx/communique/releases/download/v1.1.3/communique-aarch64-unknown-linux-musl.tar.gz"
url_api = "https://api.github.com/repos/jdx/communique/releases/assets/413753918"

[tools.communique."platforms.linux-x64"]
checksum = "sha256:61b46cf231882e0a10e0489df310ec9b875e83da0f38b60d6ac7bd67e09a15dc"
url = "https://github.com/jdx/communique/releases/download/v1.1.3/communique-x86_64-unknown-linux-gnu.tar.gz"
url_api = "https://api.github.com/repos/jdx/communique/releases/assets/413753688"

[tools.communique."platforms.linux-x64-musl"]
checksum = "sha256:9c8d784d8bb91e83cd467ed0d26be6ed3290a61a482413d42b12321aee20d5c0"
url = "https://github.com/jdx/communique/releases/download/v1.1.3/communique-x86_64-unknown-linux-musl.tar.gz"
url_api = "https://api.github.com/repos/jdx/communique/releases/assets/413753784"

[tools.communique."platforms.macos-arm64"]
checksum = "sha256:7113bdb84a75ca23cccada1acc348a0770ec16a4b12a128f7b3f6b8c7764d10c"
url = "https://github.com/jdx/communique/releases/download/v1.1.3/communique-aarch64-apple-darwin.tar.gz"
url_api = "https://api.github.com/repos/jdx/communique/releases/assets/413753891"
provenance = "github-attestations"

[tools.communique."platforms.windows-x64"]
checksum = "sha256:887a39f27f86fa785fd3c27e13b4b0360d68827a9bb747cbe1929fd691708456"
url = "https://github.com/jdx/communique/releases/download/v1.1.3/communique-x86_64-pc-windows-msvc.zip"
url_api = "https://api.github.com/repos/jdx/communique/releases/assets/413755231"

[[tools.node]]
version = "26.0.0"
backend = "core:node"

[tools.node."platforms.linux-arm64"]
checksum = "sha256:c802664b5770102999efacf5717854f7652797db522e8cc5727a6209afea824d"
url = "https://nodejs.org/dist/v26.0.0/node-v26.0.0-linux-arm64.tar.gz"

[tools.node."platforms.linux-arm64-musl"]
checksum = "sha256:8c374da2f289493f346ed7d68143967e4e536a38cf7e5aa7d3933146253193b1"
url = "https://unofficial-builds.nodejs.org/download/release/v26.0.0/node-v26.0.0-linux-arm64-musl.tar.gz"

[tools.node."platforms.linux-x64"]
checksum = "sha256:42cee4d7ec80b7f7c89281cf00726b14840ac674462404dd4fd36f03964dc0af"
url = "https://nodejs.org/dist/v26.0.0/node-v26.0.0-linux-x64.tar.gz"

[tools.node."platforms.linux-x64-musl"]
checksum = "sha256:333c376e342e5e5c0505f19eaab4990cc03f47a15dd5628c30fe64c39048b995"
url = "https://unofficial-builds.nodejs.org/download/release/v26.0.0/node-v26.0.0-linux-x64-musl.tar.gz"

[tools.node."platforms.macos-arm64"]
checksum = "sha256:dcee8564c1a9342f9594dd5e52d533894dfef6b85aa771bbbb870baa3c403235"
url = "https://nodejs.org/dist/v26.0.0/node-v26.0.0-darwin-arm64.tar.gz"

[tools.node."platforms.macos-x64"]
checksum = "sha256:f488ab543fe202d8a2d56e661682117d3c56903a2bf64f2ec1ff7bd421cfd875"
url = "https://nodejs.org/dist/v26.0.0/node-v26.0.0-darwin-x64.tar.gz"

[tools.node."platforms.windows-x64"]
checksum = "sha256:d0418640a36096e00bddb57761aa0b1b98f91904ec4ed2b9dd75cbad723becd7"
url = "https://nodejs.org/dist/v26.0.0/node-v26.0.0-win-x64.zip"

[[tools.pnpm]]
version = "11.1.1"
backend = "aqua:pnpm/pnpm"

[tools.pnpm."platforms.linux-arm64"]
checksum = "sha256:e2221b71d0d75b2ce32eabad8391253578395d9844f6538343330e9b1940dc79"
url = "https://github.com/pnpm/pnpm/releases/download/v11.1.1/pnpm-linux-arm64.tar.gz"
provenance = "github-attestations"

[tools.pnpm."platforms.linux-arm64-musl"]
checksum = "sha256:187418f2cd2f164c4dfd678f6484331a5b2350e45c26028ce42f8872343fd24a"
url = "https://github.com/pnpm/pnpm/releases/download/v11.1.1/pnpm-linux-arm64-musl.tar.gz"
provenance = "github-attestations"

[tools.pnpm."platforms.linux-x64"]
checksum = "sha256:f5f72f96d131e19ae5b2ce083914641439c8b5b6b14e4b7157320191eaa24bd4"
url = "https://github.com/pnpm/pnpm/releases/download/v11.1.1/pnpm-linux-x64.tar.gz"
provenance = "github-attestations"

[tools.pnpm."platforms.linux-x64-musl"]
checksum = "sha256:94fd573ff877e3f7dc88c92b57d2c00a96d7b3a134ce9534f6adc541ee98696e"
url = "https://github.com/pnpm/pnpm/releases/download/v11.1.1/pnpm-linux-x64-musl.tar.gz"
provenance = "github-attestations"

[tools.pnpm."platforms.macos-arm64"]
checksum = "sha256:e3603ea3bb3911a89f4f8d1a38e8cc6aa6bdbc99b12fad01d94ecba861e8b916"
url = "https://github.com/pnpm/pnpm/releases/download/v11.1.1/pnpm-darwin-arm64.tar.gz"
provenance = "github-attestations"

[tools.pnpm."platforms.windows-x64"]
checksum = "sha256:486a8d063b3143c80be9e1ed21a0d53eb3fa19fe7b1d8f1973a91112d321e709"
url = "https://github.com/pnpm/pnpm/releases/download/v11.1.1/pnpm-win32-x64.zip"
provenance = "github-attestations"
